// !$*UTF8*$!
{
	archiveVersion = 1;
	classes = {
	};
	objectVersion = 46;
	objects = {

/* Begin PBXBuildFile section */
		1FFB7BEC1E5B7B64004F56D8 /* main.c in Sources */ = {isa = PBXBuildFile; fileRef = 1FFB7BEB1E5B7B64004F56D8 /* main.c */; };
		1FFB7BFA1E5B7BAB004F56D8 /* libportaudio.a in Frameworks */ = {isa = PBXBuildFile; fileRef = 1FFB7BF41E5B7BAB004F56D8 /* libportaudio.a */; };
		1FFB7BFF1E5B7C14004F56D8 /* CoreAudio.framework in Frameworks */ = {isa = PBXBuildFile; fileRef = 1FFB7BFE1E5B7C14004F56D8 /* CoreAudio.framework */; };
		1FFB7C011E5B7C25004F56D8 /* AudioToolbox.framework in Frameworks */ = {isa = PBXBuildFile; fileRef = 1FFB7C001E5B7C25004F56D8 /* AudioToolbox.framework */; };
		1FFB7C031E5B7C30004F56D8 /* AudioUnit.framework in Frameworks */ = {isa = PBXBuildFile; fileRef = 1FFB7C021E5B7C30004F56D8 /* AudioUnit.framework */; };
		1FFB7C051E5B7C3D004F56D8 /* CoreServices.framework in Frameworks */ = {isa = PBXBuildFile; fileRef = 1FFB7C041E5B7C3D004F56D8 /* CoreServices.framework */; };
		1FFB7C071E5B7C46004F56D8 /* Carbon.framework in Frameworks */ = {isa = PBXBuildFile; fileRef = 1FFB7C061E5B7C46004F56D8 /* Carbon.framework */; };
		1FFB7C101E5B84A8004F56D8 /* libportaudio.2.dylib in Frameworks */ = {isa = PBXBuildFile; fileRef = 1FFB7C0A1E5B84A8004F56D8 /* libportaudio.2.dylib */; };
		1FFB7C111E5B84A8004F56D8 /* libportaudio.a in Frameworks */ = {isa = PBXBuildFile; fileRef = 1FFB7C0B1E5B84A8004F56D8 /* libportaudio.a */; };
		1FFB7C121E5B84A8004F56D8 /* libportaudio.dylib in Frameworks */ = {isa = PBXBuildFile; fileRef = 1FFB7C0C1E5B84A8004F56D8 /* libportaudio.dylib */; };
		1FFB7C131E5B84A8004F56D8 /* libportaudio.exp in Sources */ = {isa = PBXBuildFile; fileRef = 1FFB7C0D1E5B84A8004F56D8 /* libportaudio.exp */; };
/* End PBXBuildFile section */

/* Begin PBXCopyFilesBuildPhase section */
		1FFB7BE61E5B7B63004F56D8 /* CopyFiles */ = {
			isa = PBXCopyFilesBuildPhase;
			buildActionMask = 2147483647;
			dstPath = /usr/share/man/man1/;
			dstSubfolderSpec = 0;
			files = (
			);
			runOnlyForDeploymentPostprocessing = 1;
		};
/* End PBXCopyFilesBuildPhase section */

/* Begin PBXFileReference section */
		1FFB7BE81E5B7B64004F56D8 /* Speech */ = {isa = PBXFileReference; explicitFileType = "compiled.mach-o.executable"; includeInIndex = 0; path = Speech; sourceTree = BUILT_PRODUCTS_DIR; };
		1FFB7BEB1E5B7B64004F56D8 /* main.c */ = {isa = PBXFileReference; lastKnownFileType = sourcecode.c.c; path = main.c; sourceTree = "<group>"; };
		1FFB7BF41E5B7BAB004F56D8 /* libportaudio.a */ = {isa = PBXFileReference; lastKnownFileType = archive.ar; name = libportaudio.a; path = Speech/libportaudio.a; sourceTree = "<group>"; };
		1FFB7BFE1E5B7C14004F56D8 /* CoreAudio.framework */ = {isa = PBXFileReference; lastKnownFileType = wrapper.framework; name = CoreAudio.framework; path = System/Library/Frameworks/CoreAudio.framework; sourceTree = SDKROOT; };
		1FFB7C001E5B7C25004F56D8 /* AudioToolbox.framework */ = {isa = PBXFileReference; lastKnownFileType = wrapper.framework; name = AudioToolbox.framework; path = System/Library/Frameworks/AudioToolbox.framework; sourceTree = SDKROOT; };
		1FFB7C021E5B7C30004F56D8 /* AudioUnit.framework */ = {isa = PBXFileReference; lastKnownFileType = wrapper.framework; name = AudioUnit.framework; path = System/Library/Frameworks/AudioUnit.framework; sourceTree = SDKROOT; };
		1FFB7C041E5B7C3D004F56D8 /* CoreServices.framework */ = {isa = PBXFileReference; lastKnownFileType = wrapper.framework; name = CoreServices.framework; path = System/Library/Frameworks/CoreServices.framework; sourceTree = SDKROOT; };
		1FFB7C061E5B7C46004F56D8 /* Carbon.framework */ = {isa = PBXFileReference; lastKnownFileType = wrapper.framework; name = Carbon.framework; path = System/Library/Frameworks/Carbon.framework; sourceTree = SDKROOT; };
		1FFB7C081E5B7D29004F56D8 /* portaudio.h */ = {isa = PBXFileReference; lastKnownFileType = sourcecode.c.h; name = portaudio.h; path = ../portaudio/include/portaudio.h; sourceTree = "<group>"; };
		1FFB7C091E5B84A8004F56D8 /* libportaudio-symbols.expsym */ = {isa = PBXFileReference; fileEncoding = 4; lastKnownFileType = text; name = "libportaudio-symbols.expsym"; path = "../portaudio/lib/.libs/libportaudio-symbols.expsym"; sourceTree = "<group>"; };
		1FFB7C0A1E5B84A8004F56D8 /* libportaudio.2.dylib */ = {isa = PBXFileReference; lastKnownFileType = "compiled.mach-o.dylib"; name = libportaudio.2.dylib; path = ../portaudio/lib/.libs/libportaudio.2.dylib; sourceTree = "<group>"; };
		1FFB7C0B1E5B84A8004F56D8 /* libportaudio.a */ = {isa = PBXFileReference; lastKnownFileType = archive.ar; name = libportaudio.a; path = ../portaudio/lib/.libs/libportaudio.a; sourceTree = "<group>"; };
		1FFB7C0C1E5B84A8004F56D8 /* libportaudio.dylib */ = {isa = PBXFileReference; lastKnownFileType = "compiled.mach-o.dylib"; name = libportaudio.dylib; path = ../portaudio/lib/.libs/libportaudio.dylib; sourceTree = "<group>"; };
		1FFB7C0D1E5B84A8004F56D8 /* libportaudio.exp */ = {isa = PBXFileReference; fileEncoding = 4; lastKnownFileType = sourcecode.exports; name = libportaudio.exp; path = ../portaudio/lib/.libs/libportaudio.exp; sourceTree = "<group>"; };
		1FFB7C0E1E5B84A8004F56D8 /* libportaudio.la */ = {isa = PBXFileReference; fileEncoding = 4; lastKnownFileType = text; name = libportaudio.la; path = ../portaudio/lib/.libs/libportaudio.la; sourceTree = "<group>"; };
		1FFB7C0F1E5B84A8004F56D8 /* libportaudio.lai */ = {isa = PBXFileReference; fileEncoding = 4; lastKnownFileType = text; name = libportaudio.lai; path = ../portaudio/lib/.libs/libportaudio.lai; sourceTree = "<group>"; };
/* End PBXFileReference section */

/* Begin PBXFrameworksBuildPhase section */
		1FFB7BE51E5B7B63004F56D8 /* Frameworks */ = {
			isa = PBXFrameworksBuildPhase;
			buildActionMask = 2147483647;
			files = (
				1FFB7C101E5B84A8004F56D8 /* libportaudio.2.dylib in Frameworks */,
				1FFB7C071E5B7C46004F56D8 /* Carbon.framework in Frameworks */,
				1FFB7C051E5B7C3D004F56D8 /* CoreServices.framework in Frameworks */,
				1FFB7C121E5B84A8004F56D8 /* libportaudio.dylib in Frameworks */,
				1FFB7C111E5B84A8004F56D8 /* libportaudio.a in Frameworks */,
				1FFB7C031E5B7C30004F56D8 /* AudioUnit.framework in Frameworks */,
				1FFB7C011E5B7C25004F56D8 /* AudioToolbox.framework in Frameworks */,
				1FFB7BFF1E5B7C14004F56D8 /* CoreAudio.framework in Frameworks */,
				1FFB7BFA1E5B7BAB004F56D8 /* libportaudio.a in Frameworks */,
			);
			runOnlyForDeploymentPostprocessing = 0;
		};
/* End PBXFrameworksBuildPhase section */

/* Begin PBXGroup section */
		1FFB7BDF1E5B7B63004F56D8 = {
			isa = PBXGroup;
			children = (
				1FFB7BEA1E5B7B64004F56D8 /* Speech */,
				1FFB7BE91E5B7B64004F56D8 /* Products */,
				1FFB7BFD1E5B7C14004F56D8 /* Frameworks */,
			);
			sourceTree = "<group>";
		};
		1FFB7BE91E5B7B64004F56D8 /* Products */ = {
			isa = PBXGroup;
			children = (
				1FFB7BE81E5B7B64004F56D8 /* Speech */,
			);
			name = Products;
			sourceTree = "<group>";
		};
		1FFB7BEA1E5B7B64004F56D8 /* Speech */ = {
			isa = PBXGroup;
			children = (
				1FFB7BEB1E5B7B64004F56D8 /* main.c */,
			);
			path = Speech;
			sourceTree = "<group>";
		};
		1FFB7BFD1E5B7C14004F56D8 /* Frameworks */ = {
			isa = PBXGroup;
			children = (
				1FFB7C081E5B7D29004F56D8 /* portaudio.h */,
				1FFB7BF41E5B7BAB004F56D8 /* libportaudio.a */,
				1FFB7C091E5B84A8004F56D8 /* libportaudio-symbols.expsym */,
				1FFB7C0A1E5B84A8004F56D8 /* libportaudio.2.dylib */,
				1FFB7C0B1E5B84A8004F56D8 /* libportaudio.a */,
				1FFB7C0C1E5B84A8004F56D8 /* libportaudio.dylib */,
				1FFB7C0D1E5B84A8004F56D8 /* libportaudio.exp */,
				1FFB7C0E1E5B84A8004F56D8 /* libportaudio.la */,
				1FFB7C0F1E5B84A8004F56D8 /* libportaudio.lai */,
				1FFB7C061E5B7C46004F56D8 /* Carbon.framework */,
				1FFB7C041E5B7C3D004F56D8 /* CoreServices.framework */,
				1FFB7C021E5B7C30004F56D8 /* AudioUnit.framework */,
				1FFB7C001E5B7C25004F56D8 /* AudioToolbox.framework */,
				1FFB7BFE1E5B7C14004F56D8 /* CoreAudio.framework */,
			);
			name = Frameworks;
			sourceTree = "<group>";
		};
/* End PBXGroup section */

/* Begin PBXNativeTarget section */
		1FFB7BE71E5B7B63004F56D8 /* Speech */ = {
			isa = PBXNativeTarget;
			buildConfigurationList = 1FFB7BEF1E5B7B64004F56D8 /* Build configuration list for PBXNativeTarget "Speech" */;
			buildPhases = (
				1FFB7BE41E5B7B63004F56D8 /* Sources */,
				1FFB7BE51E5B7B63004F56D8 /* Frameworks */,
				1FFB7BE61E5B7B63004F56D8 /* CopyFiles */,
			);
			buildRules = (
			);
			dependencies = (
			);
			name = Speech;
			productName = Speech;
			productReference = 1FFB7BE81E5B7B64004F56D8 /* Speech */;
			productType = "com.apple.product-type.tool";
		};
/* End PBXNativeTarget section */

/* Begin PBXProject section */
		1FFB7BE01E5B7B63004F56D8 /* Project object */ = {
			isa = PBXProject;
			attributes = {
				LastUpgradeCheck = 0820;
				ORGANIZATIONNAME = "Gabrielle Unsworth";
				TargetAttributes = {
					1FFB7BE71E5B7B63004F56D8 = {
						CreatedOnToolsVersion = 8.2.1;
						ProvisioningStyle = Automatic;
					};
				};
			};
			buildConfigurationList = 1FFB7BE31E5B7B63004F56D8 /* Build configuration list for PBXProject "Speech" */;
			compatibilityVersion = "Xcode 3.2";
			developmentRegion = English;
			hasScannedForEncodings = 0;
			knownRegions = (
				en,
			);
			mainGroup = 1FFB7BDF1E5B7B63004F56D8;
			productRefGroup = 1FFB7BE91E5B7B64004F56D8 /* Products */;
			projectDirPath = "";
			projectRoot = "";
			targets = (
				1FFB7BE71E5B7B63004F56D8 /* Speech */,
			);
		};
/* End PBXProject section */

/* Begin PBXSourcesBuildPhase section */
		1FFB7BE41E5B7B63004F56D8 /* Sources */ = {
			isa = PBXSourcesBuildPhase;
			buildActionMask = 2147483647;
			files = (
				1FFB7BEC1E5B7B64004F56D8 /* main.c in Sources */,
				1FFB7C131E5B84A8004F56D8 /* libportaudio.exp in Sources */,
			);
			runOnlyForDeploymentPostprocessing = 0;
		};
/* End PBXSourcesBuildPhase section */

/* Begin XCBuildConfiguration section */
		1FFB7BED1E5B7B64004F56D8 /* Debug */ = {
			isa = XCBuildConfiguration;
			buildSettings = {
				ALWAYS_SEARCH_USER_PATHS = NO;
				CLANG_ANALYZER_NONNULL = YES;
				CLANG_CXX_LANGUAGE_STANDARD = "gnu++0x";
				CLANG_CXX_LIBRARY = "libc++";
				CLANG_ENABLE_MODULES = YES;
				CLANG_ENABLE_OBJC_ARC = YES;
				CLANG_WARN_BOOL_CONVERSION = YES;
				CLANG_WARN_CONSTANT_CONVERSION = YES;
				CLANG_WARN_DIRECT_OBJC_ISA_USAGE = YES_ERROR;
				CLANG_WARN_DOCUMENTATION_COMMENTS = YES;
				CLANG_WARN_EMPTY_BODY = YES;
				CLANG_WARN_ENUM_CONVERSION = YES;
				CLANG_WARN_INFINITE_RECURSION = YES;
				CLANG_WARN_INT_CONVERSION = YES;
				CLANG_WARN_OBJC_ROOT_CLASS = YES_ERROR;
				CLANG_WARN_SUSPICIOUS_MOVE = YES;
				CLANG_WARN_UNREACHABLE_CODE = YES;
				CLANG_WARN__DUPLICATE_METHOD_MATCH = YES;
				CODE_SIGN_IDENTITY = "-";
				COPY_PHASE_STRIP = NO;
				DEBUG_INFORMATION_FORMAT = dwarf;
				ENABLE_STRICT_OBJC_MSGSEND = YES;
				ENABLE_TESTABILITY = YES;
				GCC_C_LANGUAGE_STANDARD = gnu99;
				GCC_DYNAMIC_NO_PIC = NO;
				GCC_NO_COMMON_BLOCKS = YES;
				GCC_OPTIMIZATION_LEVEL = 0;
				GCC_PREPROCESSOR_DEFINITIONS = (
					"DEBUG=1",
					"$(inherited)",
				);
				GCC_WARN_64_TO_32_BIT_CONVERSION = YES;
				GCC_WARN_ABOUT_RETURN_TYPE = YES_ERROR;
				GCC_WARN_UNDECLARED_SELECTOR = YES;
				GCC_WARN_UNINITIALIZED_AUTOS = YES_AGGRESSIVE;
				GCC_WARN_UNUSED_FUNCTION = YES;
				GCC_WARN_UNUSED_VARIABLE = YES;
				MACOSX_DEPLOYMENT_TARGET = 10.12;
				MTL_ENABLE_DEBUG_INFO = YES;
				ONLY_ACTIVE_ARCH = YES;
				SDKROOT = macosx;
			};
			name = Debug;
		};
		1FFB7BEE1E5B7B64004F56D8 /* Release */ = {
			isa = XCBuildConfiguration;
			buildSettings = {
				ALWAYS_SEARCH_USER_PATHS = NO;
				CLANG_ANALYZER_NONNULL = YES;
				CLANG_CXX_LANGUAGE_STANDARD = "gnu++0x";
				CLANG_CXX_LIBRARY = "libc++";
				CLANG_ENABLE_MODULES = YES;
				CLANG_ENABLE_OBJC_ARC = YES;
				CLANG_WARN_BOOL_CONVERSION = YES;
				CLANG_WARN_CONSTANT_CONVERSION = YES;
				CLANG_WARN_DIRECT_OBJC_ISA_USAGE = YES_ERROR;
				CLANG_WARN_DOCUMENTATION_COMMENTS = YES;
				CLANG_WARN_EMPTY_BODY = YES;
				CLANG_WARN_ENUM_CONVERSION = YES;
				CLANG_WARN_INFINITE_RECURSION = YES;
				CLANG_WARN_INT_CONVERSION = YES;
				CLANG_WARN_OBJC_ROOT_CLASS = YES_ERROR;
				CLANG_WARN_SUSPICIOUS_MOVE = YES;
				CLANG_WARN_UNREACHABLE_CODE = YES;
				CLANG_WARN__DUPLICATE_METHOD_MATCH = YES;
				CODE_SIGN_IDENTITY = "-";
				COPY_PHASE_STRIP = NO;
				DEBUG_INFORMATION_FORMAT = "dwarf-with-dsym";
				ENABLE_NS_ASSERTIONS = NO;
				ENABLE_STRICT_OBJC_MSGSEND = YES;
				GCC_C_LANGUAGE_STANDARD = gnu99;
				GCC_NO_COMMON_BLOCKS = YES;
				GCC_WARN_64_TO_32_BIT_CONVERSION = YES;
				GCC_WARN_ABOUT_RETURN_TYPE = YES_ERROR;
				GCC_WARN_UNDECLARED_SELECTOR = YES;
				GCC_WARN_UNINITIALIZED_AUTOS = YES_AGGRESSIVE;
				GCC_WARN_UNUSED_FUNCTION = YES;
				GCC_WARN_UNUSED_VARIABLE = YES;
				MACOSX_DEPLOYMENT_TARGET = 10.12;
				MTL_ENABLE_DEBUG_INFO = NO;
				SDKROOT = macosx;
			};
			name = Release;
		};
		1FFB7BF01E5B7B64004F56D8 /* Debug */ = {
			isa = XCBuildConfiguration;
			buildSettings = {
				LIBRARY_SEARCH_PATHS = (
					"$(inherited)",
					"$(PROJECT_DIR)/Speech",
				);
				PRODUCT_NAME = "$(TARGET_NAME)";
			};
			name = Debug;
		};
		1FFB7BF11E5B7B64004F56D8 /* Release */ = {
			isa = XCBuildConfiguration;
			buildSettings = {
				LIBRARY_SEARCH_PATHS = (
					"$(inherited)",
					"$(PROJECT_DIR)/Speech",
				);
				PRODUCT_NAME = "$(TARGET_NAME)";
			};
			name = Release;
		};
/* End XCBuildConfiguration section */

/* Begin XCConfigurationList section */
		1FFB7BE31E5B7B63004F56D8 /* Build configuration list for PBXProject "Speech" */ = {
			isa = XCConfigurationList;
			buildConfigurations = (
				1FFB7BED1E5B7B64004F56D8 /* Debug */,
				1FFB7BEE1E5B7B64004F56D8 /* Release */,
			);
			defaultConfigurationIsVisible = 0;
			defaultConfigurationName = Release;
		};
		1FFB7BEF1E5B7B64004F56D8 /* Build configuration list for PBXNativeTarget "Speech" */ = {
			isa = XCConfigurationList;
			buildConfigurations = (
				1FFB7BF01E5B7B64004F56D8 /* Debug */,
				1FFB7BF11E5B7B64004F56D8 /* Release */,
			);
			defaultConfigurationIsVisible = 0;
		};
/* End XCConfigurationList section */
	};
	rootObject = 1FFB7BE01E5B7B63004F56D8 /* Project object */;
}
